
Microsoft Visual Studio Solution File, Format Version 12.00
# Visual Studio Version 16
VisualStudioVersion = 16.0.30611.23
MinimumVisualStudioVersion = 10.0.40219.1
Project("{FAE04EC0-301F-11D3-BF4B-00C04F79EFBC}") = "JoTechComputerHelper", "WindowsFormsApp1\JoTechComputerHelper.csproj", "{4C2F580A-D0A3-438C-8001-52C4FE513098}"
EndProject
Global
	GlobalSection(SolutionConfigurationPlatforms) = preSolution
		Debug|Any CPU = Debug|Any CPU
		Release|Any CPU = Release|Any CPU
	EndGlobalSection
	GlobalSection(ProjectConfigurationPlatforms) = postSolution
		{4C2F580A-D0A3-438C-8001-52C4FE513098}.Debug|Any CPU.ActiveCfg = Debug|Any CPU
		{4C2F580A-D0A3-438C-8001-52C4FE513098}.Debug|Any CPU.Build.0 = Debug|Any CPU
		{4C2F580A-D0A3-438C-8001-52C4FE513098}.Release|Any CPU.ActiveCfg = Release|Any CPU
		{4C2F580A-D0A3-438C-8001-52C4FE513098}.Release|Any CPU.Build.0 = Release|Any CPU
	EndGlobalSection
	GlobalSection(SolutionProperties) = preSolution
		HideSolutionNode = FALSE
	EndGlobalSection
	GlobalSection(ExtensibilityGlobals) = postSolution
		SolutionGuid = {262436E4-97F1-4BB3-B3E7-06510E7FD97F}
	EndGlobalSection
EndGlobal
